
Microsoft Visual Studio Solution File, Format Version 12.00
# Visual Studio Version 17
VisualStudioVersion = 17.0.32112.339
MinimumVisualStudioVersion = 10.0.40219.1
Project("{9A19103F-16F7-4668-BE54-9A1E7A4F7556}") = "Faculdade.Api", "Faculdade.Api\Faculdade.Api.csproj", "{B44EA22D-B967-43DC-945B-6ED6AC268FAB}"
EndProject
Project("{2150E333-8FDC-42A3-9474-1A3956D46DE8}") = "1 - Camada de serviços", "1 - Camada de serviços", "{F4E559A5-C8DE-4927-9CD3-558E8292736E}"
EndProject
Project("{2150E333-8FDC-42A3-9474-1A3956D46DE8}") = "2 - Camada de InfrasEstrutura", "2 - Camada de InfrasEstrutura", "{BCE8CAE6-471A-417B-9FBB-2379596840DB}"
EndProject
Project("{9A19103F-16F7-4668-BE54-9A1E7A4F7556}") = "FaculdadeApi.Infra.Data", "FaculdadeApi.Infra.Data\FaculdadeApi.Infra.Data.csproj", "{4201390E-0E24-4BCE-A4ED-7BE97D1C5CC2}"
EndProject
Global
	GlobalSection(SolutionConfigurationPlatforms) = preSolution
		Debug|Any CPU = Debug|Any CPU
		Release|Any CPU = Release|Any CPU
	EndGlobalSection
	GlobalSection(ProjectConfigurationPlatforms) = postSolution
		{B44EA22D-B967-43DC-945B-6ED6AC268FAB}.Debug|Any CPU.ActiveCfg = Debug|Any CPU
		{B44EA22D-B967-43DC-945B-6ED6AC268FAB}.Debug|Any CPU.Build.0 = Debug|Any CPU
		{B44EA22D-B967-43DC-945B-6ED6AC268FAB}.Release|Any CPU.ActiveCfg = Release|Any CPU
		{B44EA22D-B967-43DC-945B-6ED6AC268FAB}.Release|Any CPU.Build.0 = Release|Any CPU
		{4201390E-0E24-4BCE-A4ED-7BE97D1C5CC2}.Debug|Any CPU.ActiveCfg = Debug|Any CPU
		{4201390E-0E24-4BCE-A4ED-7BE97D1C5CC2}.Debug|Any CPU.Build.0 = Debug|Any CPU
		{4201390E-0E24-4BCE-A4ED-7BE97D1C5CC2}.Release|Any CPU.ActiveCfg = Release|Any CPU
		{4201390E-0E24-4BCE-A4ED-7BE97D1C5CC2}.Release|Any CPU.Build.0 = Release|Any CPU
	EndGlobalSection
	GlobalSection(SolutionProperties) = preSolution
		HideSolutionNode = FALSE
	EndGlobalSection
	GlobalSection(NestedProjects) = preSolution
		{B44EA22D-B967-43DC-945B-6ED6AC268FAB} = {F4E559A5-C8DE-4927-9CD3-558E8292736E}
		{4201390E-0E24-4BCE-A4ED-7BE97D1C5CC2} = {BCE8CAE6-471A-417B-9FBB-2379596840DB}
	EndGlobalSection
	GlobalSection(ExtensibilityGlobals) = postSolution
		SolutionGuid = {148A9FC3-0158-47E0-A73E-D75D0FC95FCC}
	EndGlobalSection
EndGlobal
